// !$*UTF8*$!
{
	archiveVersion = 1;
	classes = {
	};
	objectVersion = 77;
	objects = {

/* Begin PBXBuildFile section */
		0A4D23C257E282C37451FC7A /* SpotifyTrack.swift in Sources */ = {isa = PBXBuildFile; fileRef = 7AED15A73FF01C71B3356C95 /* SpotifyTrack.swift */; };
		17214CB361942B3167AE7562 /* Theme.swift in Sources */ = {isa = PBXBuildFile; fileRef = C9CCF39806C97AC0AD58AC43 /* Theme.swift */; };
		17BAE05340058A6E4F191E9E /* SpotifyAuthorizationRequestTests.swift in Sources */ = {isa = PBXBuildFile; fileRef = 9DD18CF3D5ABCA6CE44478A4 /* SpotifyAuthorizationRequestTests.swift */; };
		1DA3C38D34DB6E7748C5AF3A /* RemovalReviewView.swift in Sources */ = {isa = PBXBuildFile; fileRef = 7521690E9F60680BFA351706 /* RemovalReviewView.swift */; };
		279218A86D8EC254D2634CCB /* SpotifyCredentialProviderTests.swift in Sources */ = {isa = PBXBuildFile; fileRef = 1054182C94721EFFA9681FF0 /* SpotifyCredentialProviderTests.swift */; };
		2A7C59C5AF4EDBF82544CDC5 /* WavepointApp.swift in Sources */ = {isa = PBXBuildFile; fileRef = C2D86E70C9F1ADF03410DAF8 /* WavepointApp.swift */; };
		3435DCBF4AFF46CB882D4A32 /* SpotifyProviderTokens.swift in Sources */ = {isa = PBXBuildFile; fileRef = 66DF62FF86172C82BBCD4380 /* SpotifyProviderTokens.swift */; };
		3504FB47A1B0436E9607E455 /* AccountDeletionServiceTests.swift in Sources */ = {isa = PBXBuildFile; fileRef = 89B58A87DE49D1F33E26BB1C /* AccountDeletionServiceTests.swift */; };
		366FB2F96FE30CDEF3A59B7D /* ScaffoldTests.swift in Sources */ = {isa = PBXBuildFile; fileRef = B132EFB810181821F32DA339 /* ScaffoldTests.swift */; };
		3C0BC58C29B0BC4C44224DB1 /* CleanupPlaybackCoordinatorTests.swift in Sources */ = {isa = PBXBuildFile; fileRef = 290CCEA1662B6B4F85BD1497 /* CleanupPlaybackCoordinatorTests.swift */; };
		46AF4F80D2D8B1D4C64933A0 /* CleanupPlaybackCoordinator.swift in Sources */ = {isa = PBXBuildFile; fileRef = 582604A205496E4BACB8F42E /* CleanupPlaybackCoordinator.swift */; };
		500C0CD5F9D6DFCDB75C8710 /* AccountSheetView.swift in Sources */ = {isa = PBXBuildFile; fileRef = 89F9C1643D237EC7456E63C3 /* AccountSheetView.swift */; };
		51241917103F0BBA9B3C7792 /* SpotifySDKAppRemoteClient.swift in Sources */ = {isa = PBXBuildFile; fileRef = 0885F88820F423DF338D2139 /* SpotifySDKAppRemoteClient.swift */; };
		5D1D37541082C7766EF09FC5 /* CleanupScreenTests.swift in Sources */ = {isa = PBXBuildFile; fileRef = F5E1E4A53844DFCF795B916A /* CleanupScreenTests.swift */; };
		5EF30D3FFAFB402913404E0C /* SupabaseSpotifyAuthenticator.swift in Sources */ = {isa = PBXBuildFile; fileRef = C299C8814D618E29CB9B297A /* SupabaseSpotifyAuthenticator.swift */; };
		650570CD3ECFD13542BCDF72 /* AppSessionModelTests.swift in Sources */ = {isa = PBXBuildFile; fileRef = 971FDA9B72FF2961934EB2A8 /* AppSessionModelTests.swift */; };
		68C7384E3E534E59EDC2D013 /* CleanupSessionModel.swift in Sources */ = {isa = PBXBuildFile; fileRef = 40140A49E0CEEB1775291B7B /* CleanupSessionModel.swift */; };
		759A3F061C17F43D6A7A9226 /* CleanupCompleteView.swift in Sources */ = {isa = PBXBuildFile; fileRef = 9BD9B7FC54DC2CB0B30265CA /* CleanupCompleteView.swift */; };
		775A4E68877506E6BCA37E88 /* Assets.xcassets in Resources */ = {isa = PBXBuildFile; fileRef = 50D9FC12DFADFCF841743696 /* Assets.xcassets */; };
		7AD842E90A9AA8F2DF30CDCE /* CleanupSessionModelTests.swift in Sources */ = {isa = PBXBuildFile; fileRef = 79B08F3C0961A318163802EA /* CleanupSessionModelTests.swift */; };
		7CB26DF04F0F86CA184888D4 /* AppRootView.swift in Sources */ = {isa = PBXBuildFile; fileRef = 4D66D3B0CA8718EE2B35BAFB /* AppRootView.swift */; };
		82EFFD57228F157F6D95B2EF /* CleanupDeckBuilder.swift in Sources */ = {isa = PBXBuildFile; fileRef = 04D557F05D05F82556211A69 /* CleanupDeckBuilder.swift */; };
		83A9CB54821D817DA7E18A85 /* SpotifyAppRemoteService.swift in Sources */ = {isa = PBXBuildFile; fileRef = EAF2D96B2B11A5BD87DD4398 /* SpotifyAppRemoteService.swift */; };
		8FC9B90685CE4735F3A59FF5 /* TrackPreviewPlayer.swift in Sources */ = {isa = PBXBuildFile; fileRef = B2D9E1AF5B4F688924C485C3 /* TrackPreviewPlayer.swift */; };
		994D86FFD2B48824DE82D840 /* SpotifyAuthenticating.swift in Sources */ = {isa = PBXBuildFile; fileRef = DEDF49B87D168D7E43853177 /* SpotifyAuthenticating.swift */; };
		A907F1AFD9BBFCB28885F641 /* SpotifyAppRemoteServiceTests.swift in Sources */ = {isa = PBXBuildFile; fileRef = 9E501509193C720F18B7CDF5 /* SpotifyAppRemoteServiceTests.swift */; };
		B184C51348BC333CE4823D65 /* CleanupHomeView.swift in Sources */ = {isa = PBXBuildFile; fileRef = 43EF097ACFFF8C8D435D53BF /* CleanupHomeView.swift */; };
		BE7DC9A0A2607D0BE869CC39 /* CleanupDeckBuilderTests.swift in Sources */ = {isa = PBXBuildFile; fileRef = 0BFA4C36113429F32FF594CA /* CleanupDeckBuilderTests.swift */; };
		BF9F10DB4B0FFF5A9957CD13 /* SpotifyTokenStore.swift in Sources */ = {isa = PBXBuildFile; fileRef = DD4AF804E72A69E32E8B56EC /* SpotifyTokenStore.swift */; };
		C34EF976181E65AEEDF32A41 /* AppConfiguration.swift in Sources */ = {isa = PBXBuildFile; fileRef = 8246A6ED5074862C9F4C451C /* AppConfiguration.swift */; };
		C43F984BC12C76D2A6B86968 /* SpotifyCredentialProvider.swift in Sources */ = {isa = PBXBuildFile; fileRef = E386F9F751F8E102D0A530A2 /* SpotifyCredentialProvider.swift */; };
		C5D32966A0D9AC23130839AC /* TrackPreviewPlayerTests.swift in Sources */ = {isa = PBXBuildFile; fileRef = CA67A87616EC387085111426 /* TrackPreviewPlayerTests.swift */; };
		CE62F1176521D1C3CA787600 /* SpotifyWebAPIClientTests.swift in Sources */ = {isa = PBXBuildFile; fileRef = 27C749EB83AA44FB20ED5EF8 /* SpotifyWebAPIClientTests.swift */; };
		CFB29DB44871262ABBA048E0 /* PrivacyInfo.xcprivacy in Resources */ = {isa = PBXBuildFile; fileRef = A84B34C445656F1CFFED3F04 /* PrivacyInfo.xcprivacy */; };
		D3541DCA402A7C0DB7EB5612 /* SpotifyWebAPIClient.swift in Sources */ = {isa = PBXBuildFile; fileRef = 2FB8D0FF9CB130FEFC6FF58C /* SpotifyWebAPIClient.swift */; };
		D75260C1BD2EB836974A49DE /* AppSessionModel.swift in Sources */ = {isa = PBXBuildFile; fileRef = 952280BA63E55F7D7734C3D1 /* AppSessionModel.swift */; };
		DD6D8F4C3EDADB0661602775 /* SpotifyiOS in Frameworks */ = {isa = PBXBuildFile; productRef = 47CF7938D33DE902F2B482FF /* SpotifyiOS */; };
		E79E4B4645B305CCABE11A74 /* TrackCardView.swift in Sources */ = {isa = PBXBuildFile; fileRef = 6C1577AA9954D85078A55858 /* TrackCardView.swift */; };
		E7C8C3AA2B63283272654316 /* AppRootScreenTests.swift in Sources */ = {isa = PBXBuildFile; fileRef = F1F636382530F94D42290AA9 /* AppRootScreenTests.swift */; };
		EEBEF4C6A0CFBE7055FF18C5 /* SpotifyLoginView.swift in Sources */ = {isa = PBXBuildFile; fileRef = A46888CE1D36B388C075F855 /* SpotifyLoginView.swift */; };
		EF708EBCDB32E6405D99CFCC /* SpotifyTokenStoreTests.swift in Sources */ = {isa = PBXBuildFile; fileRef = 597F343B99D313ADD8E27F15 /* SpotifyTokenStoreTests.swift */; };
		EF926545BF9388DC324EB271 /* AccountDeletionService.swift in Sources */ = {isa = PBXBuildFile; fileRef = 22DC0B8A2456E253BAE1CFD5 /* AccountDeletionService.swift */; };
		F5ABCED07A957621E2AEDD31 /* Supabase in Frameworks */ = {isa = PBXBuildFile; productRef = 098DBB4A9A2A82835DEE2E8E /* Supabase */; };
/* End PBXBuildFile section */

/* Begin PBXContainerItemProxy section */
		B1EC0E0A2FC3C605F6A05CA5 /* PBXContainerItemProxy */ = {
			isa = PBXContainerItemProxy;
			containerPortal = C5776AD20B4F74A29338357F /* Project object */;
			proxyType = 1;
			remoteGlobalIDString = 10FD71460AF90C219427CC03;
			remoteInfo = Wavepoint;
		};
/* End PBXContainerItemProxy section */

/* Begin PBXFileReference section */
		04D557F05D05F82556211A69 /* CleanupDeckBuilder.swift */ = {isa = PBXFileReference; lastKnownFileType = sourcecode.swift; path = CleanupDeckBuilder.swift; sourceTree = "<group>"; };
		0885F88820F423DF338D2139 /* SpotifySDKAppRemoteClient.swift */ = {isa = PBXFileReference; lastKnownFileType = sourcecode.swift; path = SpotifySDKAppRemoteClient.swift; sourceTree = "<group>"; };
		0BFA4C36113429F32FF594CA /* CleanupDeckBuilderTests.swift */ = {isa = PBXFileReference; lastKnownFileType = sourcecode.swift; path = CleanupDeckBuilderTests.swift; sourceTree = "<group>"; };
		1054182C94721EFFA9681FF0 /* SpotifyCredentialProviderTests.swift */ = {isa = PBXFileReference; lastKnownFileType = sourcecode.swift; path = SpotifyCredentialProviderTests.swift; sourceTree = "<group>"; };
		22DC0B8A2456E253BAE1CFD5 /* AccountDeletionService.swift */ = {isa = PBXFileReference; lastKnownFileType = sourcecode.swift; path = AccountDeletionService.swift; sourceTree = "<group>"; };
		27C749EB83AA44FB20ED5EF8 /* SpotifyWebAPIClientTests.swift */ = {isa = PBXFileReference; lastKnownFileType = sourcecode.swift; path = SpotifyWebAPIClientTests.swift; sourceTree = "<group>"; };
		290CCEA1662B6B4F85BD1497 /* CleanupPlaybackCoordinatorTests.swift */ = {isa = PBXFileReference; lastKnownFileType = sourcecode.swift; path = CleanupPlaybackCoordinatorTests.swift; sourceTree = "<group>"; };
		2FB8D0FF9CB130FEFC6FF58C /* SpotifyWebAPIClient.swift */ = {isa = PBXFileReference; lastKnownFileType = sourcecode.swift; path = SpotifyWebAPIClient.swift; sourceTree = "<group>"; };
		40140A49E0CEEB1775291B7B /* CleanupSessionModel.swift */ = {isa = PBXFileReference; lastKnownFileType = sourcecode.swift; path = CleanupSessionModel.swift; sourceTree = "<group>"; };
		43EF097ACFFF8C8D435D53BF /* CleanupHomeView.swift */ = {isa = PBXFileReference; lastKnownFileType = sourcecode.swift; path = CleanupHomeView.swift; sourceTree = "<group>"; };
		4D66D3B0CA8718EE2B35BAFB /* AppRootView.swift */ = {isa = PBXFileReference; lastKnownFileType = sourcecode.swift; path = AppRootView.swift; sourceTree = "<group>"; };
		50D9FC12DFADFCF841743696 /* Assets.xcassets */ = {isa = PBXFileReference; lastKnownFileType = folder.assetcatalog; path = Assets.xcassets; sourceTree = "<group>"; };
		582604A205496E4BACB8F42E /* CleanupPlaybackCoordinator.swift */ = {isa = PBXFileReference; lastKnownFileType = sourcecode.swift; path = CleanupPlaybackCoordinator.swift; sourceTree = "<group>"; };
		597F343B99D313ADD8E27F15 /* SpotifyTokenStoreTests.swift */ = {isa = PBXFileReference; lastKnownFileType = sourcecode.swift; path = SpotifyTokenStoreTests.swift; sourceTree = "<group>"; };
		66DF62FF86172C82BBCD4380 /* SpotifyProviderTokens.swift */ = {isa = PBXFileReference; lastKnownFileType = sourcecode.swift; path = SpotifyProviderTokens.swift; sourceTree = "<group>"; };
		6C1577AA9954D85078A55858 /* TrackCardView.swift */ = {isa = PBXFileReference; lastKnownFileType = sourcecode.swift; path = TrackCardView.swift; sourceTree = "<group>"; };
		7521690E9F60680BFA351706 /* RemovalReviewView.swift */ = {isa = PBXFileReference; lastKnownFileType = sourcecode.swift; path = RemovalReviewView.swift; sourceTree = "<group>"; };
		79B08F3C0961A318163802EA /* CleanupSessionModelTests.swift */ = {isa = PBXFileReference; lastKnownFileType = sourcecode.swift; path = CleanupSessionModelTests.swift; sourceTree = "<group>"; };
		7AED15A73FF01C71B3356C95 /* SpotifyTrack.swift */ = {isa = PBXFileReference; lastKnownFileType = sourcecode.swift; path = SpotifyTrack.swift; sourceTree = "<group>"; };
		8246A6ED5074862C9F4C451C /* AppConfiguration.swift */ = {isa = PBXFileReference; lastKnownFileType = sourcecode.swift; path = AppConfiguration.swift; sourceTree = "<group>"; };
		89B58A87DE49D1F33E26BB1C /* AccountDeletionServiceTests.swift */ = {isa = PBXFileReference; lastKnownFileType = sourcecode.swift; path = AccountDeletionServiceTests.swift; sourceTree = "<group>"; };
		89F9C1643D237EC7456E63C3 /* AccountSheetView.swift */ = {isa = PBXFileReference; lastKnownFileType = sourcecode.swift; path = AccountSheetView.swift; sourceTree = "<group>"; };
		952280BA63E55F7D7734C3D1 /* AppSessionModel.swift */ = {isa = PBXFileReference; lastKnownFileType = sourcecode.swift; path = AppSessionModel.swift; sourceTree = "<group>"; };
		971FDA9B72FF2961934EB2A8 /* AppSessionModelTests.swift */ = {isa = PBXFileReference; lastKnownFileType = sourcecode.swift; path = AppSessionModelTests.swift; sourceTree = "<group>"; };
		993F6EB57F5CE3FA5E331961 /* Shared.xcconfig */ = {isa = PBXFileReference; lastKnownFileType = text.xcconfig; path = Shared.xcconfig; sourceTree = "<group>"; };
		9BD9B7FC54DC2CB0B30265CA /* CleanupCompleteView.swift */ = {isa = PBXFileReference; lastKnownFileType = sourcecode.swift; path = CleanupCompleteView.swift; sourceTree = "<group>"; };
		9DD18CF3D5ABCA6CE44478A4 /* SpotifyAuthorizationRequestTests.swift */ = {isa = PBXFileReference; lastKnownFileType = sourcecode.swift; path = SpotifyAuthorizationRequestTests.swift; sourceTree = "<group>"; };
		9E501509193C720F18B7CDF5 /* SpotifyAppRemoteServiceTests.swift */ = {isa = PBXFileReference; lastKnownFileType = sourcecode.swift; path = SpotifyAppRemoteServiceTests.swift; sourceTree = "<group>"; };
		A46888CE1D36B388C075F855 /* SpotifyLoginView.swift */ = {isa = PBXFileReference; lastKnownFileType = sourcecode.swift; path = SpotifyLoginView.swift; sourceTree = "<group>"; };
		A84B34C445656F1CFFED3F04 /* PrivacyInfo.xcprivacy */ = {isa = PBXFileReference; path = PrivacyInfo.xcprivacy; sourceTree = "<group>"; };
		A9BD32CEB2737F31D8B3D54D /* Info.plist */ = {isa = PBXFileReference; lastKnownFileType = text.plist; path = Info.plist; sourceTree = "<group>"; };
		AB104C5400927ED6E2C0D5CA /* WavepointTests.xctest */ = {isa = PBXFileReference; includeInIndex = 0; lastKnownFileType = wrapper.cfbundle; path = WavepointTests.xctest; sourceTree = BUILT_PRODUCTS_DIR; };
		B132EFB810181821F32DA339 /* ScaffoldTests.swift */ = {isa = PBXFileReference; lastKnownFileType = sourcecode.swift; path = ScaffoldTests.swift; sourceTree = "<group>"; };
		B2D9E1AF5B4F688924C485C3 /* TrackPreviewPlayer.swift */ = {isa = PBXFileReference; lastKnownFileType = sourcecode.swift; path = TrackPreviewPlayer.swift; sourceTree = "<group>"; };
		C299C8814D618E29CB9B297A /* SupabaseSpotifyAuthenticator.swift */ = {isa = PBXFileReference; lastKnownFileType = sourcecode.swift; path = SupabaseSpotifyAuthenticator.swift; sourceTree = "<group>"; };
		C2D86E70C9F1ADF03410DAF8 /* WavepointApp.swift */ = {isa = PBXFileReference; lastKnownFileType = sourcecode.swift; path = WavepointApp.swift; sourceTree = "<group>"; };
		C9CCF39806C97AC0AD58AC43 /* Theme.swift */ = {isa = PBXFileReference; lastKnownFileType = sourcecode.swift; path = Theme.swift; sourceTree = "<group>"; };
		CA67A87616EC387085111426 /* TrackPreviewPlayerTests.swift */ = {isa = PBXFileReference; lastKnownFileType = sourcecode.swift; path = TrackPreviewPlayerTests.swift; sourceTree = "<group>"; };
		D19A4B2364CE44A3EE6C1034 /* Wavepoint.app */ = {isa = PBXFileReference; includeInIndex = 0; lastKnownFileType = wrapper.application; path = Wavepoint.app; sourceTree = BUILT_PRODUCTS_DIR; };
		DD4AF804E72A69E32E8B56EC /* SpotifyTokenStore.swift */ = {isa = PBXFileReference; lastKnownFileType = sourcecode.swift; path = SpotifyTokenStore.swift; sourceTree = "<group>"; };
		DEDF49B87D168D7E43853177 /* SpotifyAuthenticating.swift */ = {isa = PBXFileReference; lastKnownFileType = sourcecode.swift; path = SpotifyAuthenticating.swift; sourceTree = "<group>"; };
		E386F9F751F8E102D0A530A2 /* SpotifyCredentialProvider.swift */ = {isa = PBXFileReference; lastKnownFileType = sourcecode.swift; path = SpotifyCredentialProvider.swift; sourceTree = "<group>"; };
		EAF2D96B2B11A5BD87DD4398 /* SpotifyAppRemoteService.swift */ = {isa = PBXFileReference; lastKnownFileType = sourcecode.swift; path = SpotifyAppRemoteService.swift; sourceTree = "<group>"; };
		F1F636382530F94D42290AA9 /* AppRootScreenTests.swift */ = {isa = PBXFileReference; lastKnownFileType = sourcecode.swift; path = AppRootScreenTests.swift; sourceTree = "<group>"; };
		F5E1E4A53844DFCF795B916A /* CleanupScreenTests.swift */ = {isa = PBXFileReference; lastKnownFileType = sourcecode.swift; path = CleanupScreenTests.swift; sourceTree = "<group>"; };
/* End PBXFileReference section */

/* Begin PBXFrameworksBuildPhase section */
		AD84B7ABC0E33F13D3C8044C /* Frameworks */ = {
			isa = PBXFrameworksBuildPhase;
			buildActionMask = 2147483647;
			files = (
				F5ABCED07A957621E2AEDD31 /* Supabase in Frameworks */,
				DD6D8F4C3EDADB0661602775 /* SpotifyiOS in Frameworks */,
			);
			runOnlyForDeploymentPostprocessing = 0;
		};
/* End PBXFrameworksBuildPhase section */

/* Begin PBXGroup section */
		03F6F3534E7284F61F24833F /* Audio */ = {
			isa = PBXGroup;
			children = (
				EAF2D96B2B11A5BD87DD4398 /* SpotifyAppRemoteService.swift */,
				0885F88820F423DF338D2139 /* SpotifySDKAppRemoteClient.swift */,
				B2D9E1AF5B4F688924C485C3 /* TrackPreviewPlayer.swift */,
			);
			path = Audio;
			sourceTree = "<group>";
		};
		0B610E7083200D0A61EB2B72 /* WavepointTests */ = {
			isa = PBXGroup;
			children = (
				89B58A87DE49D1F33E26BB1C /* AccountDeletionServiceTests.swift */,
				F1F636382530F94D42290AA9 /* AppRootScreenTests.swift */,
				971FDA9B72FF2961934EB2A8 /* AppSessionModelTests.swift */,
				0BFA4C36113429F32FF594CA /* CleanupDeckBuilderTests.swift */,
				290CCEA1662B6B4F85BD1497 /* CleanupPlaybackCoordinatorTests.swift */,
				F5E1E4A53844DFCF795B916A /* CleanupScreenTests.swift */,
				79B08F3C0961A318163802EA /* CleanupSessionModelTests.swift */,
				B132EFB810181821F32DA339 /* ScaffoldTests.swift */,
				9E501509193C720F18B7CDF5 /* SpotifyAppRemoteServiceTests.swift */,
				9DD18CF3D5ABCA6CE44478A4 /* SpotifyAuthorizationRequestTests.swift */,
				1054182C94721EFFA9681FF0 /* SpotifyCredentialProviderTests.swift */,
				597F343B99D313ADD8E27F15 /* SpotifyTokenStoreTests.swift */,
				27C749EB83AA44FB20ED5EF8 /* SpotifyWebAPIClientTests.swift */,
				CA67A87616EC387085111426 /* TrackPreviewPlayerTests.swift */,
			);
			path = WavepointTests;
			sourceTree = "<group>";
		};
		264FD1D3B1838397E604D71C /* Account */ = {
			isa = PBXGroup;
			children = (
				89F9C1643D237EC7456E63C3 /* AccountSheetView.swift */,
			);
			path = Account;
			sourceTree = "<group>";
		};
		439123A651F2C6692377F891 /* Products */ = {
			isa = PBXGroup;
			children = (
				D19A4B2364CE44A3EE6C1034 /* Wavepoint.app */,
				AB104C5400927ED6E2C0D5CA /* WavepointTests.xctest */,
			);
			name = Products;
			sourceTree = "<group>";
		};
		4AAE4402270972C4E0A4DD33 /* Cleanup */ = {
			isa = PBXGroup;
			children = (
				9BD9B7FC54DC2CB0B30265CA /* CleanupCompleteView.swift */,
				43EF097ACFFF8C8D435D53BF /* CleanupHomeView.swift */,
				7521690E9F60680BFA351706 /* RemovalReviewView.swift */,
				6C1577AA9954D85078A55858 /* TrackCardView.swift */,
			);
			path = Cleanup;
			sourceTree = "<group>";
		};
		701471C596A169ED6E2CDBB4 /* Resources */ = {
			isa = PBXGroup;
			children = (
				50D9FC12DFADFCF841743696 /* Assets.xcassets */,
				A9BD32CEB2737F31D8B3D54D /* Info.plist */,
				A84B34C445656F1CFFED3F04 /* PrivacyInfo.xcprivacy */,
			);
			path = Resources;
			sourceTree = "<group>";
		};
		703BE0CFDFDE5003258DE66C /* Features */ = {
			isa = PBXGroup;
			children = (
				4D66D3B0CA8718EE2B35BAFB /* AppRootView.swift */,
				264FD1D3B1838397E604D71C /* Account */,
				86FE74ABD751340BCC1D59E9 /* Authentication */,
				4AAE4402270972C4E0A4DD33 /* Cleanup */,
			);
			path = Features;
			sourceTree = "<group>";
		};
		7C5903890A66A27471CA9FE0 /* Wavepoint */ = {
			isa = PBXGroup;
			children = (
				F16612DD980674F5E12C7526 /* App */,
				03F6F3534E7284F61F24833F /* Audio */,
				7E76F740172ECF1D5B9C7CF9 /* Auth */,
				D008BD747854B5A0CE022994 /* Cleanup */,
				A0BC3367E630D0EEA4817157 /* Design */,
				703BE0CFDFDE5003258DE66C /* Features */,
				701471C596A169ED6E2CDBB4 /* Resources */,
				DB2F4FB605961D6456EA6F8C /* Spotify */,
			);
			path = Wavepoint;
			sourceTree = "<group>";
		};
		7E76F740172ECF1D5B9C7CF9 /* Auth */ = {
			isa = PBXGroup;
			children = (
				22DC0B8A2456E253BAE1CFD5 /* AccountDeletionService.swift */,
				952280BA63E55F7D7734C3D1 /* AppSessionModel.swift */,
				DEDF49B87D168D7E43853177 /* SpotifyAuthenticating.swift */,
				E386F9F751F8E102D0A530A2 /* SpotifyCredentialProvider.swift */,
				66DF62FF86172C82BBCD4380 /* SpotifyProviderTokens.swift */,
				DD4AF804E72A69E32E8B56EC /* SpotifyTokenStore.swift */,
				C299C8814D618E29CB9B297A /* SupabaseSpotifyAuthenticator.swift */,
			);
			path = Auth;
			sourceTree = "<group>";
		};
		85BF2DCE9990D260742C75FA /* Config */ = {
			isa = PBXGroup;
			children = (
				993F6EB57F5CE3FA5E331961 /* Shared.xcconfig */,
			);
			path = Config;
			sourceTree = "<group>";
		};
		86FE74ABD751340BCC1D59E9 /* Authentication */ = {
			isa = PBXGroup;
			children = (
				A46888CE1D36B388C075F855 /* SpotifyLoginView.swift */,
			);
			path = Authentication;
			sourceTree = "<group>";
		};
		A0BC3367E630D0EEA4817157 /* Design */ = {
			isa = PBXGroup;
			children = (
				C9CCF39806C97AC0AD58AC43 /* Theme.swift */,
			);
			path = Design;
			sourceTree = "<group>";
		};
		A5CCD13CFDAF53D4AAB0F74B = {
			isa = PBXGroup;
			children = (
				85BF2DCE9990D260742C75FA /* Config */,
				7C5903890A66A27471CA9FE0 /* Wavepoint */,
				0B610E7083200D0A61EB2B72 /* WavepointTests */,
				439123A651F2C6692377F891 /* Products */,
			);
			sourceTree = "<group>";
		};
		D008BD747854B5A0CE022994 /* Cleanup */ = {
			isa = PBXGroup;
			children = (
				04D557F05D05F82556211A69 /* CleanupDeckBuilder.swift */,
				582604A205496E4BACB8F42E /* CleanupPlaybackCoordinator.swift */,
				40140A49E0CEEB1775291B7B /* CleanupSessionModel.swift */,
			);
			path = Cleanup;
			sourceTree = "<group>";
		};
		DB2F4FB605961D6456EA6F8C /* Spotify */ = {
			isa = PBXGroup;
			children = (
				7AED15A73FF01C71B3356C95 /* SpotifyTrack.swift */,
				2FB8D0FF9CB130FEFC6FF58C /* SpotifyWebAPIClient.swift */,
			);
			path = Spotify;
			sourceTree = "<group>";
		};
		F16612DD980674F5E12C7526 /* App */ = {
			isa = PBXGroup;
			children = (
				8246A6ED5074862C9F4C451C /* AppConfiguration.swift */,
				C2D86E70C9F1ADF03410DAF8 /* WavepointApp.swift */,
			);
			path = App;
			sourceTree = "<group>";
		};
/* End PBXGroup section */

/* Begin PBXNativeTarget section */
		10FD71460AF90C219427CC03 /* Wavepoint */ = {
			isa = PBXNativeTarget;
			buildConfigurationList = 9F290477E032FCBD56BE2701 /* Build configuration list for PBXNativeTarget "Wavepoint" */;
			buildPhases = (
				19A3915127CBDDDC36F2E59F /* Sources */,
				F3374C7D27009E31183B54E1 /* Resources */,
				AD84B7ABC0E33F13D3C8044C /* Frameworks */,
			);
			buildRules = (
			);
			dependencies = (
			);
			name = Wavepoint;
			packageProductDependencies = (
				098DBB4A9A2A82835DEE2E8E /* Supabase */,
				47CF7938D33DE902F2B482FF /* SpotifyiOS */,
			);
			productName = Wavepoint;
			productReference = D19A4B2364CE44A3EE6C1034 /* Wavepoint.app */;
			productType = "com.apple.product-type.application";
		};
		8300B0BC309937C00FC0383E /* WavepointTests */ = {
			isa = PBXNativeTarget;
			buildConfigurationList = BBD14671FFDACDB0B839856A /* Build configuration list for PBXNativeTarget "WavepointTests" */;
			buildPhases = (
				F1A0870BBD8B5D1CE23D3C26 /* Sources */,
			);
			buildRules = (
			);
			dependencies = (
				A3740745D93520003D745061 /* PBXTargetDependency */,
			);
			name = WavepointTests;
			packageProductDependencies = (
			);
			productName = WavepointTests;
			productReference = AB104C5400927ED6E2C0D5CA /* WavepointTests.xctest */;
			productType = "com.apple.product-type.bundle.unit-test";
		};
/* End PBXNativeTarget section */

/* Begin PBXProject section */
		C5776AD20B4F74A29338357F /* Project object */ = {
			isa = PBXProject;
			attributes = {
				BuildIndependentTargetsInParallel = YES;
				LastUpgradeCheck = 2600;
				TargetAttributes = {
					10FD71460AF90C219427CC03 = {
						DevelopmentTeam = HV58968J2R;
						ProvisioningStyle = Automatic;
					};
				};
			};
			buildConfigurationList = 8FAC60874357406B0804607C /* Build configuration list for PBXProject "Wavepoint" */;
			developmentRegion = en;
			hasScannedForEncodings = 0;
			knownRegions = (
				Base,
				en,
			);
			mainGroup = A5CCD13CFDAF53D4AAB0F74B;
			minimizedProjectReferenceProxies = 1;
			packageReferences = (
				9338E92763B703C1E076C5D8 /* XCRemoteSwiftPackageReference "ios-sdk" */,
				6C2B94AC86A1240CCC3DFFB2 /* XCRemoteSwiftPackageReference "supabase-swift" */,
			);
			preferredProjectObjectVersion = 77;
			productRefGroup = 439123A651F2C6692377F891 /* Products */;
			projectDirPath = "";
			projectRoot = "";
			targets = (
				10FD71460AF90C219427CC03 /* Wavepoint */,
				8300B0BC309937C00FC0383E /* WavepointTests */,
			);
		};
/* End PBXProject section */

/* Begin PBXResourcesBuildPhase section */
		F3374C7D27009E31183B54E1 /* Resources */ = {
			isa = PBXResourcesBuildPhase;
			buildActionMask = 2147483647;
			files = (
				775A4E68877506E6BCA37E88 /* Assets.xcassets in Resources */,
				CFB29DB44871262ABBA048E0 /* PrivacyInfo.xcprivacy in Resources */,
			);
			runOnlyForDeploymentPostprocessing = 0;
		};
/* End PBXResourcesBuildPhase section */

/* Begin PBXSourcesBuildPhase section */
		19A3915127CBDDDC36F2E59F /* Sources */ = {
			isa = PBXSourcesBuildPhase;
			buildActionMask = 2147483647;
			files = (
				EF926545BF9388DC324EB271 /* AccountDeletionService.swift in Sources */,
				500C0CD5F9D6DFCDB75C8710 /* AccountSheetView.swift in Sources */,
				C34EF976181E65AEEDF32A41 /* AppConfiguration.swift in Sources */,
				7CB26DF04F0F86CA184888D4 /* AppRootView.swift in Sources */,
				D75260C1BD2EB836974A49DE /* AppSessionModel.swift in Sources */,
				759A3F061C17F43D6A7A9226 /* CleanupCompleteView.swift in Sources */,
				82EFFD57228F157F6D95B2EF /* CleanupDeckBuilder.swift in Sources */,
				B184C51348BC333CE4823D65 /* CleanupHomeView.swift in Sources */,
				46AF4F80D2D8B1D4C64933A0 /* CleanupPlaybackCoordinator.swift in Sources */,
				68C7384E3E534E59EDC2D013 /* CleanupSessionModel.swift in Sources */,
				1DA3C38D34DB6E7748C5AF3A /* RemovalReviewView.swift in Sources */,
				83A9CB54821D817DA7E18A85 /* SpotifyAppRemoteService.swift in Sources */,
				994D86FFD2B48824DE82D840 /* SpotifyAuthenticating.swift in Sources */,
				C43F984BC12C76D2A6B86968 /* SpotifyCredentialProvider.swift in Sources */,
				EEBEF4C6A0CFBE7055FF18C5 /* SpotifyLoginView.swift in Sources */,
				3435DCBF4AFF46CB882D4A32 /* SpotifyProviderTokens.swift in Sources */,
				51241917103F0BBA9B3C7792 /* SpotifySDKAppRemoteClient.swift in Sources */,
				BF9F10DB4B0FFF5A9957CD13 /* SpotifyTokenStore.swift in Sources */,
				0A4D23C257E282C37451FC7A /* SpotifyTrack.swift in Sources */,
				D3541DCA402A7C0DB7EB5612 /* SpotifyWebAPIClient.swift in Sources */,
				5EF30D3FFAFB402913404E0C /* SupabaseSpotifyAuthenticator.swift in Sources */,
				17214CB361942B3167AE7562 /* Theme.swift in Sources */,
				E79E4B4645B305CCABE11A74 /* TrackCardView.swift in Sources */,
				8FC9B90685CE4735F3A59FF5 /* TrackPreviewPlayer.swift in Sources */,
				2A7C59C5AF4EDBF82544CDC5 /* WavepointApp.swift in Sources */,
			);
			runOnlyForDeploymentPostprocessing = 0;
		};
		F1A0870BBD8B5D1CE23D3C26 /* Sources */ = {
			isa = PBXSourcesBuildPhase;
			buildActionMask = 2147483647;
			files = (
				3504FB47A1B0436E9607E455 /* AccountDeletionServiceTests.swift in Sources */,
				E7C8C3AA2B63283272654316 /* AppRootScreenTests.swift in Sources */,
				650570CD3ECFD13542BCDF72 /* AppSessionModelTests.swift in Sources */,
				BE7DC9A0A2607D0BE869CC39 /* CleanupDeckBuilderTests.swift in Sources */,
				3C0BC58C29B0BC4C44224DB1 /* CleanupPlaybackCoordinatorTests.swift in Sources */,
				5D1D37541082C7766EF09FC5 /* CleanupScreenTests.swift in Sources */,
				7AD842E90A9AA8F2DF30CDCE /* CleanupSessionModelTests.swift in Sources */,
				366FB2F96FE30CDEF3A59B7D /* ScaffoldTests.swift in Sources */,
				A907F1AFD9BBFCB28885F641 /* SpotifyAppRemoteServiceTests.swift in Sources */,
				17BAE05340058A6E4F191E9E /* SpotifyAuthorizationRequestTests.swift in Sources */,
				279218A86D8EC254D2634CCB /* SpotifyCredentialProviderTests.swift in Sources */,
				EF708EBCDB32E6405D99CFCC /* SpotifyTokenStoreTests.swift in Sources */,
				CE62F1176521D1C3CA787600 /* SpotifyWebAPIClientTests.swift in Sources */,
				C5D32966A0D9AC23130839AC /* TrackPreviewPlayerTests.swift in Sources */,
			);
			runOnlyForDeploymentPostprocessing = 0;
		};
/* End PBXSourcesBuildPhase section */

/* Begin PBXTargetDependency section */
		A3740745D93520003D745061 /* PBXTargetDependency */ = {
			isa = PBXTargetDependency;
			target = 10FD71460AF90C219427CC03 /* Wavepoint */;
			targetProxy = B1EC0E0A2FC3C605F6A05CA5 /* PBXContainerItemProxy */;
		};
/* End PBXTargetDependency section */

/* Begin XCBuildConfiguration section */
		79A0AF28D98413FEE4BCFF2D /* Release */ = {
			isa = XCBuildConfiguration;
			buildSettings = {
				ALWAYS_SEARCH_USER_PATHS = NO;
				CLANG_ANALYZER_NONNULL = YES;
				CLANG_ANALYZER_NUMBER_OBJECT_CONVERSION = YES_AGGRESSIVE;
				CLANG_CXX_LANGUAGE_STANDARD = "gnu++14";
				CLANG_CXX_LIBRARY = "libc++";
				CLANG_ENABLE_MODULES = YES;
				CLANG_ENABLE_OBJC_ARC = YES;
				CLANG_ENABLE_OBJC_WEAK = YES;
				CLANG_WARN_BLOCK_CAPTURE_AUTORELEASING = YES;
				CLANG_WARN_BOOL_CONVERSION = YES;
				CLANG_WARN_COMMA = YES;
				CLANG_WARN_CONSTANT_CONVERSION = YES;
				CLANG_WARN_DEPRECATED_OBJC_IMPLEMENTATIONS = YES;
				CLANG_WARN_DIRECT_OBJC_ISA_USAGE = YES_ERROR;
				CLANG_WARN_DOCUMENTATION_COMMENTS = YES;
				CLANG_WARN_EMPTY_BODY = YES;
				CLANG_WARN_ENUM_CONVERSION = YES;
				CLANG_WARN_INFINITE_RECURSION = YES;
				CLANG_WARN_INT_CONVERSION = YES;
				CLANG_WARN_NON_LITERAL_NULL_CONVERSION = YES;
				CLANG_WARN_OBJC_IMPLICIT_RETAIN_SELF = YES;
				CLANG_WARN_OBJC_LITERAL_CONVERSION = YES;
				CLANG_WARN_OBJC_ROOT_CLASS = YES_ERROR;
				CLANG_WARN_QUOTED_INCLUDE_IN_FRAMEWORK_HEADER = YES;
				CLANG_WARN_RANGE_LOOP_ANALYSIS = YES;
				CLANG_WARN_STRICT_PROTOTYPES = YES;
				CLANG_WARN_SUSPICIOUS_MOVE = YES;
				CLANG_WARN_UNGUARDED_AVAILABILITY = YES_AGGRESSIVE;
				CLANG_WARN_UNREACHABLE_CODE = YES;
				CLANG_WARN__DUPLICATE_METHOD_MATCH = YES;
				COPY_PHASE_STRIP = NO;
				DEBUG_INFORMATION_FORMAT = "dwarf-with-dsym";
				ENABLE_NS_ASSERTIONS = NO;
				ENABLE_STRICT_OBJC_MSGSEND = YES;
				GCC_C_LANGUAGE_STANDARD = gnu11;
				GCC_NO_COMMON_BLOCKS = YES;
				GCC_WARN_64_TO_32_BIT_CONVERSION = YES;
				GCC_WARN_ABOUT_RETURN_TYPE = YES_ERROR;
				GCC_WARN_UNDECLARED_SELECTOR = YES;
				GCC_WARN_UNINITIALIZED_AUTOS = YES_AGGRESSIVE;
				GCC_WARN_UNUSED_FUNCTION = YES;
				GCC_WARN_UNUSED_VARIABLE = YES;
				IPHONEOS_DEPLOYMENT_TARGET = 17.0;
				MTL_ENABLE_DEBUG_INFO = NO;
				MTL_FAST_MATH = YES;
				PRODUCT_NAME = "$(TARGET_NAME)";
				SDKROOT = iphoneos;
				SWIFT_COMPILATION_MODE = wholemodule;
				SWIFT_OPTIMIZATION_LEVEL = "-O";
				SWIFT_VERSION = 6.0;
			};
			name = Release;
		};
		7A7C01962B16EBB806CF9D07 /* Release */ = {
			isa = XCBuildConfiguration;
			baseConfigurationReference = 993F6EB57F5CE3FA5E331961 /* Shared.xcconfig */;
			buildSettings = {
				ASSETCATALOG_COMPILER_APPICON_NAME = AppIcon;
				CODE_SIGN_IDENTITY = "iPhone Developer";
				CODE_SIGN_STYLE = Automatic;
				CURRENT_PROJECT_VERSION = 4;
				DEVELOPMENT_TEAM = HV58968J2R;
				INFOPLIST_FILE = Wavepoint/Resources/Info.plist;
				LD_RUNPATH_SEARCH_PATHS = (
					"$(inherited)",
					"@executable_path/Frameworks",
				);
				MARKETING_VERSION = 0.1.0;
				PRODUCT_BUNDLE_IDENTIFIER = ai.mapier.swipe;
				SDKROOT = iphoneos;
				TARGETED_DEVICE_FAMILY = 1;
			};
			name = Release;
		};
		8C3FA0FC55EB16FC9961C2CE /* Release */ = {
			isa = XCBuildConfiguration;
			buildSettings = {
				BUNDLE_LOADER = "$(TEST_HOST)";
				GENERATE_INFOPLIST_FILE = YES;
				LD_RUNPATH_SEARCH_PATHS = (
					"$(inherited)",
					"@executable_path/Frameworks",
					"@loader_path/Frameworks",
				);
				PRODUCT_BUNDLE_IDENTIFIER = ai.mapier.swipe.tests;
				SDKROOT = iphoneos;
				TARGETED_DEVICE_FAMILY = "1,2";
				TEST_HOST = "$(BUILT_PRODUCTS_DIR)/Wavepoint.app/Wavepoint";
			};
			name = Release;
		};
		930081E45BF230ABB4DAC4E8 /* Debug */ = {
			isa = XCBuildConfiguration;
			buildSettings = {
				ALWAYS_SEARCH_USER_PATHS = NO;
				CLANG_ANALYZER_NONNULL = YES;
				CLANG_ANALYZER_NUMBER_OBJECT_CONVERSION = YES_AGGRESSIVE;
				CLANG_CXX_LANGUAGE_STANDARD = "gnu++14";
				CLANG_CXX_LIBRARY = "libc++";
				CLANG_ENABLE_MODULES = YES;
				CLANG_ENABLE_OBJC_ARC = YES;
				CLANG_ENABLE_OBJC_WEAK = YES;
				CLANG_WARN_BLOCK_CAPTURE_AUTORELEASING = YES;
				CLANG_WARN_BOOL_CONVERSION = YES;
				CLANG_WARN_COMMA = YES;
				CLANG_WARN_CONSTANT_CONVERSION = YES;
				CLANG_WARN_DEPRECATED_OBJC_IMPLEMENTATIONS = YES;
				CLANG_WARN_DIRECT_OBJC_ISA_USAGE = YES_ERROR;
				CLANG_WARN_DOCUMENTATION_COMMENTS = YES;
				CLANG_WARN_EMPTY_BODY = YES;
				CLANG_WARN_ENUM_CONVERSION = YES;
				CLANG_WARN_INFINITE_RECURSION = YES;
				CLANG_WARN_INT_CONVERSION = YES;
				CLANG_WARN_NON_LITERAL_NULL_CONVERSION = YES;
				CLANG_WARN_OBJC_IMPLICIT_RETAIN_SELF = YES;
				CLANG_WARN_OBJC_LITERAL_CONVERSION = YES;
				CLANG_WARN_OBJC_ROOT_CLASS = YES_ERROR;
				CLANG_WARN_QUOTED_INCLUDE_IN_FRAMEWORK_HEADER = YES;
				CLANG_WARN_RANGE_LOOP_ANALYSIS = YES;
				CLANG_WARN_STRICT_PROTOTYPES = YES;
				CLANG_WARN_SUSPICIOUS_MOVE = YES;
				CLANG_WARN_UNGUARDED_AVAILABILITY = YES_AGGRESSIVE;
				CLANG_WARN_UNREACHABLE_CODE = YES;
				CLANG_WARN__DUPLICATE_METHOD_MATCH = YES;
				COPY_PHASE_STRIP = NO;
				DEBUG_INFORMATION_FORMAT = dwarf;
				ENABLE_STRICT_OBJC_MSGSEND = YES;
				ENABLE_TESTABILITY = YES;
				GCC_C_LANGUAGE_STANDARD = gnu11;
				GCC_DYNAMIC_NO_PIC = NO;
				GCC_NO_COMMON_BLOCKS = YES;
				GCC_OPTIMIZATION_LEVEL = 0;
				GCC_PREPROCESSOR_DEFINITIONS = (
					"$(inherited)",
					"DEBUG=1",
				);
				GCC_WARN_64_TO_32_BIT_CONVERSION = YES;
				GCC_WARN_ABOUT_RETURN_TYPE = YES_ERROR;
				GCC_WARN_UNDECLARED_SELECTOR = YES;
				GCC_WARN_UNINITIALIZED_AUTOS = YES_AGGRESSIVE;
				GCC_WARN_UNUSED_FUNCTION = YES;
				GCC_WARN_UNUSED_VARIABLE = YES;
				IPHONEOS_DEPLOYMENT_TARGET = 17.0;
				MTL_ENABLE_DEBUG_INFO = INCLUDE_SOURCE;
				MTL_FAST_MATH = YES;
				ONLY_ACTIVE_ARCH = YES;
				PRODUCT_NAME = "$(TARGET_NAME)";
				SDKROOT = iphoneos;
				SWIFT_ACTIVE_COMPILATION_CONDITIONS = DEBUG;
				SWIFT_OPTIMIZATION_LEVEL = "-Onone";
				SWIFT_VERSION = 6.0;
			};
			name = Debug;
		};
		CBEFB87BB1BE1E29B9195E32 /* Debug */ = {
			isa = XCBuildConfiguration;
			baseConfigurationReference = 993F6EB57F5CE3FA5E331961 /* Shared.xcconfig */;
			buildSettings = {
				ASSETCATALOG_COMPILER_APPICON_NAME = AppIcon;
				CODE_SIGN_IDENTITY = "iPhone Developer";
				CODE_SIGN_STYLE = Automatic;
				CURRENT_PROJECT_VERSION = 4;
				DEVELOPMENT_TEAM = HV58968J2R;
				INFOPLIST_FILE = Wavepoint/Resources/Info.plist;
				LD_RUNPATH_SEARCH_PATHS = (
					"$(inherited)",
					"@executable_path/Frameworks",
				);
				MARKETING_VERSION = 0.1.0;
				PRODUCT_BUNDLE_IDENTIFIER = ai.mapier.swipe;
				SDKROOT = iphoneos;
				TARGETED_DEVICE_FAMILY = 1;
			};
			name = Debug;
		};
		DCF07B7DF7F647A8CB0AD4B3 /* Debug */ = {
			isa = XCBuildConfiguration;
			buildSettings = {
				BUNDLE_LOADER = "$(TEST_HOST)";
				GENERATE_INFOPLIST_FILE = YES;
				LD_RUNPATH_SEARCH_PATHS = (
					"$(inherited)",
					"@executable_path/Frameworks",
					"@loader_path/Frameworks",
				);
				PRODUCT_BUNDLE_IDENTIFIER = ai.mapier.swipe.tests;
				SDKROOT = iphoneos;
				TARGETED_DEVICE_FAMILY = "1,2";
				TEST_HOST = "$(BUILT_PRODUCTS_DIR)/Wavepoint.app/Wavepoint";
			};
			name = Debug;
		};
/* End XCBuildConfiguration section */

/* Begin XCConfigurationList section */
		8FAC60874357406B0804607C /* Build configuration list for PBXProject "Wavepoint" */ = {
			isa = XCConfigurationList;
			buildConfigurations = (
				930081E45BF230ABB4DAC4E8 /* Debug */,
				79A0AF28D98413FEE4BCFF2D /* Release */,
			);
			defaultConfigurationIsVisible = 0;
			defaultConfigurationName = Debug;
		};
		9F290477E032FCBD56BE2701 /* Build configuration list for PBXNativeTarget "Wavepoint" */ = {
			isa = XCConfigurationList;
			buildConfigurations = (
				CBEFB87BB1BE1E29B9195E32 /* Debug */,
				7A7C01962B16EBB806CF9D07 /* Release */,
			);
			defaultConfigurationIsVisible = 0;
			defaultConfigurationName = Debug;
		};
		BBD14671FFDACDB0B839856A /* Build configuration list for PBXNativeTarget "WavepointTests" */ = {
			isa = XCConfigurationList;
			buildConfigurations = (
				DCF07B7DF7F647A8CB0AD4B3 /* Debug */,
				8C3FA0FC55EB16FC9961C2CE /* Release */,
			);
			defaultConfigurationIsVisible = 0;
			defaultConfigurationName = Debug;
		};
/* End XCConfigurationList section */

/* Begin XCRemoteSwiftPackageReference section */
		6C2B94AC86A1240CCC3DFFB2 /* XCRemoteSwiftPackageReference "supabase-swift" */ = {
			isa = XCRemoteSwiftPackageReference;
			repositoryURL = "https://github.com/supabase/supabase-swift.git";
			requirement = {
				kind = exactVersion;
				version = 2.46.0;
			};
		};
		9338E92763B703C1E076C5D8 /* XCRemoteSwiftPackageReference "ios-sdk" */ = {
			isa = XCRemoteSwiftPackageReference;
			repositoryURL = "https://github.com/spotify/ios-sdk.git";
			requirement = {
				kind = exactVersion;
				version = 5.0.1;
			};
		};
/* End XCRemoteSwiftPackageReference section */

/* Begin XCSwiftPackageProductDependency section */
		098DBB4A9A2A82835DEE2E8E /* Supabase */ = {
			isa = XCSwiftPackageProductDependency;
			package = 6C2B94AC86A1240CCC3DFFB2 /* XCRemoteSwiftPackageReference "supabase-swift" */;
			productName = Supabase;
		};
		47CF7938D33DE902F2B482FF /* SpotifyiOS */ = {
			isa = XCSwiftPackageProductDependency;
			package = 9338E92763B703C1E076C5D8 /* XCRemoteSwiftPackageReference "ios-sdk" */;
			productName = SpotifyiOS;
		};
/* End XCSwiftPackageProductDependency section */
	};
	rootObject = C5776AD20B4F74A29338357F /* Project object */;
}
